# THIS IS AN AUTOGENERATED FILE. DO NOT EDIT THIS FILE DIRECTLY.
# yarn lockfile v1


"@discordjs/builders@^1.6.0":
  version "1.6.1"
  resolved "https://registry.yarnpkg.com/@discordjs/builders/-/builders-1.6.1.tgz#5b1447cfa493bc1306671ef18ce3aae13c0af0ba"
  integrity sha512-CCcLwn/8ANhlAbhlE18fcaN0hfXTen53/JiwZs1t9oE/Cqa9maA8ZRarkCIsXF4J7J/MYnd0J6IsxeKsq+f6mw==
  dependencies:
    "@discordjs/formatters" "^0.3.0"
    "@discordjs/util" "^0.2.0"
    "@sapphire/shapeshift" "^3.8.1"
    discord-api-types "^0.37.37"
    fast-deep-equal "^3.1.3"
    ts-mixer "^6.0.3"
    tslib "^2.5.0"

"@discordjs/collection@^1.5.0":
  version "1.5.0"
  resolved "https://registry.yarnpkg.com/@discordjs/collection/-/collection-1.5.0.tgz#478acd5d510cb5996c5101f47b24959ac7499cc2"
  integrity sha512-suyVndkEAAWrGxyw/CPGdtXoRRU6AUNkibtnbJevQzpelkJh3Q1gQqWDpqf5i39CnAn5+LrN0YS+cULeEjq2Yw==

"@discordjs/formatters@^0.3.0":
  version "0.3.0"
  resolved "https://registry.yarnpkg.com/@discordjs/formatters/-/formatters-0.3.0.tgz#8313d158c5e974597eec43b1f381d870a507d133"
  integrity sha512-Fc4MomalbP8HMKEMor3qUiboAKDtR7PSBoPjwm7WYghVRwgJlj5WYvUsriLsxeKk8+Qq2oy+HJlGTUkGvX0YnA==
  dependencies:
    discord-api-types "^0.37.37"

"@discordjs/rest@^1.7.0":
  version "1.7.0"
  resolved "https://registry.yarnpkg.com/@discordjs/rest/-/rest-1.7.0.tgz#c61fcd14e810b44e4821df5dfb5e74fa5fcb6e5d"
  integrity sha512-r2HzmznRIo8IDGYBWqQfkEaGN1LrFfWQd3dSyC4tOpMU8nuVvFUEw6V/lwnG44jyOq+vgyDny2fxeUDMt9I4aQ==
  dependencies:
    "@discordjs/collection" "^1.5.0"
    "@discordjs/util" "^0.2.0"
    "@sapphire/async-queue" "^1.5.0"
    "@sapphire/snowflake" "^3.4.0"
    discord-api-types "^0.37.37"
    file-type "^18.2.1"
    tslib "^2.5.0"
    undici "^5.21.0"

"@discordjs/util@^0.2.0":
  version "0.2.0"
  resolved "https://registry.yarnpkg.com/@discordjs/util/-/util-0.2.0.tgz#91b590dae3934ffa5fe34530afc5212c569d6751"
  integrity sha512-/8qNbebFzLWKOOg+UV+RB8itp4SmU5jw0tBUD3ifElW6rYNOj1Ku5JaSW7lLl/WgjjxF01l/1uQPCzkwr110vg==

"@ffprobe-installer/darwin-arm64@5.0.1":
  version "5.0.1"
  resolved "https://registry.yarnpkg.com/@ffprobe-installer/darwin-arm64/-/darwin-arm64-5.0.1.tgz#a020a623955d55aa8daf45cb668c3044876b553b"
  integrity sha512-vwNCNjokH8hfkbl6m95zICHwkSzhEvDC3GVBcUp5HX8+4wsX10SP3B+bGur7XUzTIZ4cQpgJmEIAx6TUwRepMg==

"@ffprobe-installer/darwin-x64@5.1.0":
  version "5.1.0"
  resolved "https://registry.yarnpkg.com/@ffprobe-installer/darwin-x64/-/darwin-x64-5.1.0.tgz#f52316ac0bbe6f4ac70fdaea8db259ba4a055b00"
  integrity sha512-J+YGscZMpQclFg31O4cfVRGmDpkVsQ2fZujoUdMAAYcP0NtqpC49Hs3SWJpBdsGB4VeqOt5TTm1vSZQzs1NkhA==

"@ffprobe-installer/ffprobe@^1.4.1":
  version "1.4.2"
  resolved "https://registry.yarnpkg.com/@ffprobe-installer/ffprobe/-/ffprobe-1.4.2.tgz#87729abccd1a0f2dd435ee122a3790a2eb1cab76"
  integrity sha512-Jowoycg4aGeDVVaz+25hRSjdIDuDDXYMJjbOLvlKq9WF1n9rkAGR7Scce+bFeoRw0QwSPrpPnEH1weTWZU8CQA==
  optionalDependencies:
    "@ffprobe-installer/darwin-arm64" "5.0.1"
    "@ffprobe-installer/darwin-x64" "5.1.0"
    "@ffprobe-installer/linux-arm" "5.1.0"
    "@ffprobe-installer/linux-arm64" "5.1.0"
    "@ffprobe-installer/linux-ia32" "5.1.0"
    "@ffprobe-installer/linux-x64" "5.1.0"
    "@ffprobe-installer/win32-ia32" "5.1.0"
    "@ffprobe-installer/win32-x64" "5.1.0"

"@ffprobe-installer/linux-arm64@5.1.0":
  version "5.1.0"
  resolved "https://registry.yarnpkg.com/@ffprobe-installer/linux-arm64/-/linux-arm64-5.1.0.tgz#0120872eab1ba8e48cce1cc71e396e707aa0cba2"
  integrity sha512-u5b3r3/39eZmEV0X4OKUfp6gO3lOyVIpRO4WU+5Eb6omWYy+k0OkVbRffK4qJF1Uz8irwzyiDsmUZ6vE13/abQ==

"@ffprobe-installer/linux-arm@5.1.0":
  version "5.1.0"
  resolved "https://registry.yarnpkg.com/@ffprobe-installer/linux-arm/-/linux-arm-5.1.0.tgz#5cf3e5015309671b40101fb0669877822c4e333e"
  integrity sha512-y34AEive/M5/++RcuRJZciICYYRkmTh5gK6th7raydgfQhIYy/8AXAIGKqD5Hn855i6o/RpEIPjk7DWpEuwrdA==

"@ffprobe-installer/linux-ia32@5.1.0":
  version "5.1.0"
  resolved "https://registry.yarnpkg.com/@ffprobe-installer/linux-ia32/-/linux-ia32-5.1.0.tgz#c0d06827d11747e5392206c19389313e1fcaad99"
  integrity sha512-Uqk4sYYQxz0KQmEQ2xxbVu/KiDX7Pw6wRDpCYv0sW49GI3wpX2Umqi/Kmtr0tpCvxctVoCdf/U71EAxH2Lztdg==

"@ffprobe-installer/linux-x64@5.1.0":
  version "5.1.0"
  resolved "https://registry.yarnpkg.com/@ffprobe-installer/linux-x64/-/linux-x64-5.1.0.tgz#ef575d1e55ea3ed26646d5be5b071235a56f6de6"
  integrity sha512-r7cGOjNb8AMnKAEvz5f8N/WsWsre02LhAfDKZX0m5J0bsrYgs2HUlnnQiwjRCH9CYXYerjYqq592o/GXvxDS+Q==

"@ffprobe-installer/win32-ia32@5.1.0":
  version "5.1.0"
  resolved "https://registry.yarnpkg.com/@ffprobe-installer/win32-ia32/-/win32-ia32-5.1.0.tgz#43b1462b9d89570fe3723c20b66bab684516751a"
  integrity sha512-5O3vOoNRxmut0/Nu9vSazTdSHasrr+zPT2B3Hm7kjmO3QVFcIfVImS6ReQnZeSy8JPJOqXts5kX5x/3KOX54XQ==

"@ffprobe-installer/win32-x64@5.1.0":
  version "5.1.0"
  resolved "https://registry.yarnpkg.com/@ffprobe-installer/win32-x64/-/win32-x64-5.1.0.tgz#87841123e8b903cc327f1e5b9aa69e5d2fbe6d7b"
  integrity sha512-jMGYeAgkrdn4e2vvYt/qakgHRE3CPju4bn5TmdPfoAm1BlX1mY9cyMd8gf5vSzI8gH8Zq5WQAyAkmekX/8TSTg==

"@sapphire/async-queue@^1.5.0":
  version "1.5.0"
  resolved "https://registry.yarnpkg.com/@sapphire/async-queue/-/async-queue-1.5.0.tgz#2f255a3f186635c4fb5a2381e375d3dfbc5312d8"
  integrity sha512-JkLdIsP8fPAdh9ZZjrbHWR/+mZj0wvKS5ICibcLrRI1j84UmLMshx5n9QmL8b95d4onJ2xxiyugTgSAX7AalmA==

"@sapphire/shapeshift@^3.8.1":
  version "3.8.2"
  resolved "https://registry.yarnpkg.com/@sapphire/shapeshift/-/shapeshift-3.8.2.tgz#f9f25cba74c710b56f8790de76a9642a9635e7db"
  integrity sha512-NXpnJAsxN3/h9TqQPntOeVWZrpIuucqXI3IWF6tj2fWCoRLCuVK5wx7Dtg7pRrtkYfsMUbDqgKoX26vrC5iYfA==
  dependencies:
    fast-deep-equal "^3.1.3"
    lodash "^4.17.21"

"@sapphire/snowflake@^3.4.0":
  version "3.4.2"
  resolved "https://registry.yarnpkg.com/@sapphire/snowflake/-/snowflake-3.4.2.tgz#365af8e7b57ada924ec8e85383b921280f81d128"
  integrity sha512-KJwlv5gkGjs1uFV7/xx81n3tqgBwBJvH94n1xDyH3q+JSmtsMeSleJffarEBfG2yAFeJiFA4BnGOK6FFPHc19g==

"@sern/handler@^2.5.0":
  version "2.6.2"
  resolved "https://registry.yarnpkg.com/@sern/handler/-/handler-2.6.2.tgz#721dfe7626b86c1bb85ddff17c38591499c3e0bf"
  integrity sha512-M0wiLL4eN1ddktrl+5dCFX1jipGJm5wU+2SBOioIqm3qr4vweRHx81o9B0HvcrqXnre1B1PIOG6EX6CQatLgbA==
  dependencies:
    iti "^0.6.0"
    rxjs "^7.8.0"
    ts-results-es "^3.6.0"

"@tokenizer/token@^0.3.0":
  version "0.3.0"
  resolved "https://registry.yarnpkg.com/@tokenizer/token/-/token-0.3.0.tgz#fe98a93fe789247e998c75e74e9c7c63217aa276"
  integrity sha512-OvjF+z51L3ov0OyAU0duzsYuvO01PH7x4t6DJx+guahgTnBHkhJdG7soQeTSFLWN3efnHyibZ4Z8l2EuWwJN3A==

"@types/node@*":
  version "18.15.11"
  resolved "https://registry.yarnpkg.com/@types/node/-/node-18.15.11.tgz#b3b790f09cb1696cffcec605de025b088fa4225f"
  integrity sha512-E5Kwq2n4SbMzQOn6wnmBjuK9ouqlURrcZDVfbo9ftDDTFt3nk7ZKK4GMOzoYgnpQJKcxwQw+lGaBvvlMo0qN/Q==

"@types/node@^17.0.25":
  version "17.0.45"
  resolved "https://registry.yarnpkg.com/@types/node/-/node-17.0.45.tgz#2c0fafd78705e7a18b7906b5201a522719dc5190"
  integrity sha512-w+tIMs3rq2afQdsPJlODhoUEKzFP1ayaoyl1CcnwtIlsVe7K7bA1NGm4s3PraqTLlXnbIN84zuBlxBWo1u9BLw==

"@types/ws@^8.5.4":
  version "8.5.4"
  resolved "https://registry.yarnpkg.com/@types/ws/-/ws-8.5.4.tgz#bb10e36116d6e570dd943735f86c933c1587b8a5"
  integrity sha512-zdQDHKUgcX/zBc4GrwsE/7dVdAD8JR4EuiAXiiUhhfyIJXXb2+PrGshFyeXWQPMmmZ2XxgaqclgpIC7eTXc1mg==
  dependencies:
    "@types/node" "*"

asynckit@^0.4.0:
  version "0.4.0"
  resolved "https://registry.yarnpkg.com/asynckit/-/asynckit-0.4.0.tgz#c79ed97f7f34cb8f2ba1bc9790bcc366474b4b79"
  integrity sha512-Oei9OH4tRh0YqU3GxhX79dM/mwVgvbZJaSNaRk+bshkj0S5cfHcgYakreBjrHwatXKbz+IoIdYLxrKim2MjW0Q==

axios@^1.4.0:
  version "1.4.0"
  resolved "https://registry.yarnpkg.com/axios/-/axios-1.4.0.tgz#38a7bf1224cd308de271146038b551d725f0be1f"
  integrity sha512-S4XCWMEmzvo64T9GfvQDOXgYRDJ/wsSZc7Jvdgx5u1sd0JwsuPLqb3SYmusag+edF6ziyMensPVqLTSc1PiSEA==
  dependencies:
    follow-redirects "^1.15.0"
    form-data "^4.0.0"
    proxy-from-env "^1.1.0"

busboy@^1.6.0:
  version "1.6.0"
  resolved "https://registry.yarnpkg.com/busboy/-/busboy-1.6.0.tgz#966ea36a9502e43cdb9146962523b92f531f6893"
  integrity sha512-8SFQbg/0hQ9xy3UNTB0YEnsNBbWfhf7RtnzpL7TkBiTBRfrQ9Fxcnz7VJsleJpyp6rVLvXiuORqjlHi5q+PYuA==
  dependencies:
    streamsearch "^1.1.0"

combined-stream@^1.0.8:
  version "1.0.8"
  resolved "https://registry.yarnpkg.com/combined-stream/-/combined-stream-1.0.8.tgz#c3d45a8b34fd730631a110a8a2520682b31d5a7f"
  integrity sha512-FQN4MRfuJeHf7cBbBMJFXhKSDq+2kAArBlmRBvcvFE5BB1HZKXtSFASDhdlz9zOYwxh8lDdnvmMOe/+5cdoEdg==
  dependencies:
    delayed-stream "~1.0.0"

cross-spawn@^7.0.3:
  version "7.0.3"
  resolved "https://registry.yarnpkg.com/cross-spawn/-/cross-spawn-7.0.3.tgz#f73a85b9d5d41d045551c177e2882d4ac85728a6"
  integrity sha512-iRDPJKUPVEND7dHPO8rkbOnPpyDygcDFtWjpeWNCgy8WP2rXcxXL8TskReQl6OrB2G7+UJrags1q15Fudc7G6w==
  dependencies:
    path-key "^3.1.0"
    shebang-command "^2.0.0"
    which "^2.0.1"

delayed-stream@~1.0.0:
  version "1.0.0"
  resolved "https://registry.yarnpkg.com/delayed-stream/-/delayed-stream-1.0.0.tgz#df3ae199acadfb7d440aaae0b29e2272b24ec619"
  integrity sha512-ZySD7Nf91aLB0RxL4KGrKHBXl7Eds1DAmEdcoVawXnLD7SDhpNgtuII2aAkg7a7QS41jxPSZ17p4VdGnMHk3MQ==

discord-api-types@^0.37.37:
  version "0.37.39"
  resolved "https://registry.yarnpkg.com/discord-api-types/-/discord-api-types-0.37.39.tgz#4b103bad3a1547b2106d8e65750ddb0374f9bb6a"
  integrity sha512-hkhQsQyzsTJITp311WXvHZh9j4RAMfIk2hPmsWeOTN50QTpg6zqmJNfel9D/8lYNvsU01wzw9281Yke8NhYyHg==

discord.js@^14.7.1:
  version "14.9.0"
  resolved "https://registry.yarnpkg.com/discord.js/-/discord.js-14.9.0.tgz#61e26c4a7a27f91fd669b4c46892868420a5be43"
  integrity sha512-ygGms5xP4hG+QrrY9k7d/OYCzMltSMtdl/2Snzq/nLCiZo+Sna91Ulv9l0+B5Jd/Czcq37B7wJAnmja7GOa+bg==
  dependencies:
    "@discordjs/builders" "^1.6.0"
    "@discordjs/collection" "^1.5.0"
    "@discordjs/formatters" "^0.3.0"
    "@discordjs/rest" "^1.7.0"
    "@discordjs/util" "^0.2.0"
    "@sapphire/snowflake" "^3.4.0"
    "@types/ws" "^8.5.4"
    discord-api-types "^0.37.37"
    fast-deep-equal "^3.1.3"
    lodash.snakecase "^4.1.1"
    tslib "^2.5.0"
    undici "^5.21.0"
    ws "^8.13.0"

dotenv@^16.0.3:
  version "16.0.3"
  resolved "https://registry.yarnpkg.com/dotenv/-/dotenv-16.0.3.tgz#115aec42bac5053db3c456db30cc243a5a836a07"
  integrity sha512-7GO6HghkA5fYG9TYnNxi14/7K9f5occMlp3zXAuSxn7CKCxt9xbNWG7yF8hTCSUchlfWSe3uLmlPfigevRItzQ==

execa@^5.0.0:
  version "5.1.1"
  resolved "https://registry.yarnpkg.com/execa/-/execa-5.1.1.tgz#f80ad9cbf4298f7bd1d4c9555c21e93741c411dd"
  integrity sha512-8uSpZZocAZRBAPIEINJj3Lo9HyGitllczc27Eh5YYojjMFMn8yHMDMaUHE2Jqfq05D/wucwI4JGURyXt1vchyg==
  dependencies:
    cross-spawn "^7.0.3"
    get-stream "^6.0.0"
    human-signals "^2.1.0"
    is-stream "^2.0.0"
    merge-stream "^2.0.0"
    npm-run-path "^4.0.1"
    onetime "^5.1.2"
    signal-exit "^3.0.3"
    strip-final-newline "^2.0.0"

execa@^7.1.1:
  version "7.1.1"
  resolved "https://registry.yarnpkg.com/execa/-/execa-7.1.1.tgz#3eb3c83d239488e7b409d48e8813b76bb55c9c43"
  integrity sha512-wH0eMf/UXckdUYnO21+HDztteVv05rq2GXksxT4fCGeHkBhw1DROXh40wcjMcRqDOWE7iPJ4n3M7e2+YFP+76Q==
  dependencies:
    cross-spawn "^7.0.3"
    get-stream "^6.0.1"
    human-signals "^4.3.0"
    is-stream "^3.0.0"
    merge-stream "^2.0.0"
    npm-run-path "^5.1.0"
    onetime "^6.0.0"
    signal-exit "^3.0.7"
    strip-final-newline "^3.0.0"

fast-deep-equal@^3.1.3:
  version "3.1.3"
  resolved "https://registry.yarnpkg.com/fast-deep-equal/-/fast-deep-equal-3.1.3.tgz#3a7d56b559d6cbc3eb512325244e619a65c6c525"
  integrity sha512-f3qQ9oQy9j2AhBe/H9VC91wLmKBCCU/gDOnKNAYG5hswO7BLKj09Hc5HYNz9cGI++xlpDCIgDaitVs03ATR84Q==

file-type@^18.2.1:
  version "18.2.1"
  resolved "https://registry.yarnpkg.com/file-type/-/file-type-18.2.1.tgz#6d8f1fa3b079606f6ecf89483346f55fcd2c671b"
  integrity sha512-Yw5MtnMv7vgD2/6Bjmmuegc8bQEVA9GmAyaR18bMYWKqsWDG9wgYZ1j4I6gNMF5Y5JBDcUcjRQqNQx7Y8uotcg==
  dependencies:
    readable-web-to-node-stream "^3.0.2"
    strtok3 "^7.0.0"
    token-types "^5.0.1"

follow-redirects@^1.15.0:
  version "1.15.2"
  resolved "https://registry.yarnpkg.com/follow-redirects/-/follow-redirects-1.15.2.tgz#b460864144ba63f2681096f274c4e57026da2c13"
  integrity sha512-VQLG33o04KaQ8uYi2tVNbdrWp1QWxNNea+nmIB4EVM28v0hmP17z7aG1+wAkNzVq4KeXTq3221ye5qTJP91JwA==

form-data@^4.0.0:
  version "4.0.0"
  resolved "https://registry.yarnpkg.com/form-data/-/form-data-4.0.0.tgz#93919daeaf361ee529584b9b31664dc12c9fa452"
  integrity sha512-ETEklSGi5t0QMZuiXoA/Q6vcnxcLQP5vdugSpuAyi6SVGi2clPPp+xgEhuMaHC+zGgn31Kd235W35f7Hykkaww==
  dependencies:
    asynckit "^0.4.0"
    combined-stream "^1.0.8"
    mime-types "^2.1.12"

get-audio-duration@^3.1.1:
  version "3.1.1"
  resolved "https://registry.yarnpkg.com/get-audio-duration/-/get-audio-duration-3.1.1.tgz#edc77e5b05923a7e5e707240a7cafcdcea82297c"
  integrity sha512-358u6qxY3sfK1MAVef5QiazydddrdWGVtLCI/mCPWshZBIIytjVvYN5XuNq5ux0/GMzGiUMV667F1O2zR+Dqqg==
  dependencies:
    "@ffprobe-installer/ffprobe" "^1.4.1"
    execa "^5.0.0"
    is-stream "^2.0.0"

get-stream@^6.0.0, get-stream@^6.0.1:
  version "6.0.1"
  resolved "https://registry.yarnpkg.com/get-stream/-/get-stream-6.0.1.tgz#a262d8eef67aced57c2852ad6167526a43cbf7b7"
  integrity sha512-ts6Wi+2j3jQjqi70w5AlN8DFnkSwC+MqmxEzdEALB2qXZYV3X/b1CTfgPLGJNMeAWxdPfU8FO1ms3NUfaHCPYg==

human-signals@^2.1.0:
  version "2.1.0"
  resolved "https://registry.yarnpkg.com/human-signals/-/human-signals-2.1.0.tgz#dc91fcba42e4d06e4abaed33b3e7a3c02f514ea0"
  integrity sha512-B4FFZ6q/T2jhhksgkbEW3HBvWIfDW85snkQgawt07S7J5QXTk6BkNV+0yAeZrM5QpMAdYlocGoljn0sJ/WQkFw==

human-signals@^4.3.0:
  version "4.3.1"
  resolved "https://registry.yarnpkg.com/human-signals/-/human-signals-4.3.1.tgz#ab7f811e851fca97ffbd2c1fe9a958964de321b2"
  integrity sha512-nZXjEF2nbo7lIw3mgYjItAfgQXog3OjJogSbKa2CQIIvSGWcKgeJnQlNXip6NglNzYH45nSRiEVimMvYL8DDqQ==

ieee754@^1.2.1:
  version "1.2.1"
  resolved "https://registry.yarnpkg.com/ieee754/-/ieee754-1.2.1.tgz#8eb7a10a63fff25d15a57b001586d177d1b0d352"
  integrity sha512-dcyqhDvX1C46lXZcVqCpK+FtMRQVdIMN6/Df5js2zouUsqG7I6sFxitIC+7KYK29KdXOLHdu9zL4sFnoVQnqaA==

inherits@^2.0.3:
  version "2.0.4"
  resolved "https://registry.yarnpkg.com/inherits/-/inherits-2.0.4.tgz#0fa2c64f932917c3433a0ded55363aae37416b7c"
  integrity sha512-k/vGaX4/Yla3WzyMCvTQOXYeIHvqOKtnqBduzTHpzpQZzAskKMhZ2K+EnBiSM9zGSoIFeMpXKxa4dYeZIQqewQ==

is-stream@^2.0.0:
  version "2.0.1"
  resolved "https://registry.yarnpkg.com/is-stream/-/is-stream-2.0.1.tgz#fac1e3d53b97ad5a9d0ae9cef2389f5810a5c077"
  integrity sha512-hFoiJiTl63nn+kstHGBtewWSKnQLpyb155KHheA1l39uvtO9nWIop1p3udqPcUd/xbF1VLMO4n7OI6p7RbngDg==

is-stream@^3.0.0:
  version "3.0.0"
  resolved "https://registry.yarnpkg.com/is-stream/-/is-stream-3.0.0.tgz#e6bfd7aa6bef69f4f472ce9bb681e3e57b4319ac"
  integrity sha512-LnQR4bZ9IADDRSkvpqMGvt/tEJWclzklNgSw48V5EAaAeDd6qGvN8ei6k5p0tvxSR171VmGyHuTiAOfxAbr8kA==

isexe@^2.0.0:
  version "2.0.0"
  resolved "https://registry.yarnpkg.com/isexe/-/isexe-2.0.0.tgz#e8fbf374dc556ff8947a10dcb0572d633f2cfa10"
  integrity sha512-RHxMLp9lnKHGHRng9QFhRCMbYAcVpn69smSGcq3f36xjgVVWThj4qqLbTLlq7Ssj8B+fIQ1EuCEGI2lKsyQeIw==

iti@^0.6.0:
  version "0.6.0"
  resolved "https://registry.yarnpkg.com/iti/-/iti-0.6.0.tgz#e763b4089fd8e5cbd1eb753a9d93e80ad11f3d9b"
  integrity sha512-JqujcnAIF3pmzitjbT3acc0LkordU6oHBDvWeT6a25wvEVBddFX3DFx/p6YBwGX1TTFsyLgVZtwhGOknthC96A==
  dependencies:
    utility-types "^3.10.0"

lodash.snakecase@^4.1.1:
  version "4.1.1"
  resolved "https://registry.yarnpkg.com/lodash.snakecase/-/lodash.snakecase-4.1.1.tgz#39d714a35357147837aefd64b5dcbb16becd8f8d"
  integrity sha512-QZ1d4xoBHYUeuouhEq3lk3Uq7ldgyFXGBhg04+oRLnIz8o9T65Eh+8YdroUwn846zchkA9yDsDl5CVVaV2nqYw==

lodash@^4.17.21:
  version "4.17.21"
  resolved "https://registry.yarnpkg.com/lodash/-/lodash-4.17.21.tgz#679591c564c3bffaae8454cf0b3df370c3d6911c"
  integrity sha512-v2kDEe57lecTulaDIuNTPy3Ry4gLGJ6Z1O3vE1krgXZNrsQ+LFTGHVxVjcXPs17LhbZVGedAJv8XZ1tvj5FvSg==

merge-stream@^2.0.0:
  version "2.0.0"
  resolved "https://registry.yarnpkg.com/merge-stream/-/merge-stream-2.0.0.tgz#52823629a14dd00c9770fb6ad47dc6310f2c1f60"
  integrity sha512-abv/qOcuPfk3URPfDzmZU1LKmuw8kT+0nIHvKrKgFrwifol/doWcdA4ZqsWQ8ENrFKkd67Mfpo/LovbIUsbt3w==

mime-db@1.52.0:
  version "1.52.0"
  resolved "https://registry.yarnpkg.com/mime-db/-/mime-db-1.52.0.tgz#bbabcdc02859f4987301c856e3387ce5ec43bf70"
  integrity sha512-sPU4uV7dYlvtWJxwwxHD0PuihVNiE7TyAbQ5SWxDCB9mUYvOgroQOwYQQOKPJ8CIbE+1ETVlOoK1UC2nU3gYvg==

mime-types@^2.1.12:
  version "2.1.35"
  resolved "https://registry.yarnpkg.com/mime-types/-/mime-types-2.1.35.tgz#381a871b62a734450660ae3deee44813f70d959a"
  integrity sha512-ZDY+bPm5zTTF+YpCrAU9nK0UgICYPT0QtT1NZWFv4s++TNkcgVaT0g6+4R2uI4MjQjzysHB1zxuWL50hzaeXiw==
  dependencies:
    mime-db "1.52.0"

mimic-fn@^2.1.0:
  version "2.1.0"
  resolved "https://registry.yarnpkg.com/mimic-fn/-/mimic-fn-2.1.0.tgz#7ed2c2ccccaf84d3ffcb7a69b57711fc2083401b"
  integrity sha512-OqbOk5oEQeAZ8WXWydlu9HJjz9WVdEIvamMCcXmuqUYjTknH/sqsWvhQ3vgwKFRR1HpjvNBKQ37nbJgYzGqGcg==

mimic-fn@^4.0.0:
  version "4.0.0"
  resolved "https://registry.yarnpkg.com/mimic-fn/-/mimic-fn-4.0.0.tgz#60a90550d5cb0b239cca65d893b1a53b29871ecc"
  integrity sha512-vqiC06CuhBTUdZH+RYl8sFrL096vA45Ok5ISO6sE/Mr1jRbGH4Csnhi8f3wKVl7x8mO4Au7Ir9D3Oyv1VYMFJw==

npm-run-path@^4.0.1:
  version "4.0.1"
  resolved "https://registry.yarnpkg.com/npm-run-path/-/npm-run-path-4.0.1.tgz#b7ecd1e5ed53da8e37a55e1c2269e0b97ed748ea"
  integrity sha512-S48WzZW777zhNIrn7gxOlISNAqi9ZC/uQFnRdbeIHhZhCA6UqpkOT8T1G7BvfdgP4Er8gF4sUbaS0i7QvIfCWw==
  dependencies:
    path-key "^3.0.0"

npm-run-path@^5.1.0:
  version "5.1.0"
  resolved "https://registry.yarnpkg.com/npm-run-path/-/npm-run-path-5.1.0.tgz#bc62f7f3f6952d9894bd08944ba011a6ee7b7e00"
  integrity sha512-sJOdmRGrY2sjNTRMbSvluQqg+8X7ZK61yvzBEIDhz4f8z1TZFYABsqjjCBd/0PUNE9M6QDgHJXQkGUEm7Q+l9Q==
  dependencies:
    path-key "^4.0.0"

onetime@^5.1.2:
  version "5.1.2"
  resolved "https://registry.yarnpkg.com/onetime/-/onetime-5.1.2.tgz#d0e96ebb56b07476df1dd9c4806e5237985ca45e"
  integrity sha512-kbpaSSGJTWdAY5KPVeMOKXSrPtr8C8C7wodJbcsd51jRnmD+GZu8Y0VoU6Dm5Z4vWr0Ig/1NKuWRKf7j5aaYSg==
  dependencies:
    mimic-fn "^2.1.0"

onetime@^6.0.0:
  version "6.0.0"
  resolved "https://registry.yarnpkg.com/onetime/-/onetime-6.0.0.tgz#7c24c18ed1fd2e9bca4bd26806a33613c77d34b4"
  integrity sha512-1FlR+gjXK7X+AsAHso35MnyN5KqGwJRi/31ft6x0M194ht7S+rWAvd7PHss9xSKMzE0asv1pyIHaJYq+BbacAQ==
  dependencies:
    mimic-fn "^4.0.0"

path-key@^3.0.0, path-key@^3.1.0:
  version "3.1.1"
  resolved "https://registry.yarnpkg.com/path-key/-/path-key-3.1.1.tgz#581f6ade658cbba65a0d3380de7753295054f375"
  integrity sha512-ojmeN0qd+y0jszEtoY48r0Peq5dwMEkIlCOu6Q5f41lfkswXuKtYrhgoTpLnyIcHm24Uhqx+5Tqm2InSwLhE6Q==

path-key@^4.0.0:
  version "4.0.0"
  resolved "https://registry.yarnpkg.com/path-key/-/path-key-4.0.0.tgz#295588dc3aee64154f877adb9d780b81c554bf18"
  integrity sha512-haREypq7xkM7ErfgIyA0z+Bj4AGKlMSdlQE2jvJo6huWD1EdkKYV+G/T4nq0YEF2vgTT8kqMFKo1uHn950r4SQ==

peek-readable@^5.0.0:
  version "5.0.0"
  resolved "https://registry.yarnpkg.com/peek-readable/-/peek-readable-5.0.0.tgz#7ead2aff25dc40458c60347ea76cfdfd63efdfec"
  integrity sha512-YtCKvLUOvwtMGmrniQPdO7MwPjgkFBtFIrmfSbYmYuq3tKDV/mcfAhBth1+C3ru7uXIZasc/pHnb+YDYNkkj4A==

proxy-from-env@^1.1.0:
  version "1.1.0"
  resolved "https://registry.yarnpkg.com/proxy-from-env/-/proxy-from-env-1.1.0.tgz#e102f16ca355424865755d2c9e8ea4f24d58c3e2"
  integrity sha512-D+zkORCbA9f1tdWRK0RaCR3GPv50cMxcrz4X8k5LTSUD1Dkw47mKJEZQNunItRTkWwgtaUSo1RVFRIG9ZXiFYg==

readable-stream@^3.6.0:
  version "3.6.2"
  resolved "https://registry.yarnpkg.com/readable-stream/-/readable-stream-3.6.2.tgz#56a9b36ea965c00c5a93ef31eb111a0f11056967"
  integrity sha512-9u/sniCrY3D5WdsERHzHE4G2YCXqoG5FTHUiCC4SIbr6XcLZBY05ya9EKjYek9O5xOAwjGq+1JdGBAS7Q9ScoA==
  dependencies:
    inherits "^2.0.3"
    string_decoder "^1.1.1"
    util-deprecate "^1.0.1"

readable-web-to-node-stream@^3.0.2:
  version "3.0.2"
  resolved "https://registry.yarnpkg.com/readable-web-to-node-stream/-/readable-web-to-node-stream-3.0.2.tgz#5d52bb5df7b54861fd48d015e93a2cb87b3ee0bb"
  integrity sha512-ePeK6cc1EcKLEhJFt/AebMCLL+GgSKhuygrZ/GLaKZYEecIgIECf4UaUuaByiGtzckwR4ain9VzUh95T1exYGw==
  dependencies:
    readable-stream "^3.6.0"

rxjs@^7.8.0:
  version "7.8.0"
  resolved "https://registry.yarnpkg.com/rxjs/-/rxjs-7.8.0.tgz#90a938862a82888ff4c7359811a595e14e1e09a4"
  integrity sha512-F2+gxDshqmIub1KdvZkaEfGDwLNpPvk9Fs6LD/MyQxNgMds/WH9OdDDXOmxUZpME+iSK3rQCctkL0DYyytUqMg==
  dependencies:
    tslib "^2.1.0"

safe-buffer@~5.2.0:
  version "5.2.1"
  resolved "https://registry.yarnpkg.com/safe-buffer/-/safe-buffer-5.2.1.tgz#1eaf9fa9bdb1fdd4ec75f58f9cdb4e6b7827eec6"
  integrity sha512-rp3So07KcdmmKbGvgaNxQSJr7bGVSVk5S9Eq1F+ppbRo70+YeaDxkw5Dd8NPN+GD6bjnYm2VuPuCXmpuYvmCXQ==

shebang-command@^2.0.0:
  version "2.0.0"
  resolved "https://registry.yarnpkg.com/shebang-command/-/shebang-command-2.0.0.tgz#ccd0af4f8835fbdc265b82461aaf0c36663f34ea"
  integrity sha512-kHxr2zZpYtdmrN1qDjrrX/Z1rR1kG8Dx+gkpK1G4eXmvXswmcE1hTWBWYUzlraYw1/yZp6YuDY77YtvbN0dmDA==
  dependencies:
    shebang-regex "^3.0.0"

shebang-regex@^3.0.0:
  version "3.0.0"
  resolved "https://registry.yarnpkg.com/shebang-regex/-/shebang-regex-3.0.0.tgz#ae16f1644d873ecad843b0307b143362d4c42172"
  integrity sha512-7++dFhtcx3353uBaq8DDR4NuxBetBzC7ZQOhmTQInHEd6bSrXdiEyzCvG07Z44UYdLShWUyXt5M/yhz8ekcb1A==

signal-exit@^3.0.3, signal-exit@^3.0.7:
  version "3.0.7"
  resolved "https://registry.yarnpkg.com/signal-exit/-/signal-exit-3.0.7.tgz#a9a1767f8af84155114eaabd73f99273c8f59ad9"
  integrity sha512-wnD2ZE+l+SPC/uoS0vXeE9L1+0wuaMqKlfz9AMUo38JsyLSBWSFcHR1Rri62LZc12vLr1gb3jl7iwQhgwpAbGQ==

streamsearch@^1.1.0:
  version "1.1.0"
  resolved "https://registry.yarnpkg.com/streamsearch/-/streamsearch-1.1.0.tgz#404dd1e2247ca94af554e841a8ef0eaa238da764"
  integrity sha512-Mcc5wHehp9aXz1ax6bZUyY5afg9u2rv5cqQI3mRrYkGC8rW2hM02jWuwjtL++LS5qinSyhj2QfLyNsuc+VsExg==

string_decoder@^1.1.1:
  version "1.3.0"
  resolved "https://registry.yarnpkg.com/string_decoder/-/string_decoder-1.3.0.tgz#42f114594a46cf1a8e30b0a84f56c78c3edac21e"
  integrity sha512-hkRX8U1WjJFd8LsDJ2yQ/wWWxaopEsABU1XfkM8A+j0+85JAGppt16cr1Whg6KIbb4okU6Mql6BOj+uup/wKeA==
  dependencies:
    safe-buffer "~5.2.0"

strip-final-newline@^2.0.0:
  version "2.0.0"
  resolved "https://registry.yarnpkg.com/strip-final-newline/-/strip-final-newline-2.0.0.tgz#89b852fb2fcbe936f6f4b3187afb0a12c1ab58ad"
  integrity sha512-BrpvfNAE3dcvq7ll3xVumzjKjZQ5tI1sEUIKr3Uoks0XUl45St3FlatVqef9prk4jRDzhW6WZg+3bk93y6pLjA==

strip-final-newline@^3.0.0:
  version "3.0.0"
  resolved "https://registry.yarnpkg.com/strip-final-newline/-/strip-final-newline-3.0.0.tgz#52894c313fbff318835280aed60ff71ebf12b8fd"
  integrity sha512-dOESqjYr96iWYylGObzd39EuNTa5VJxyvVAEm5Jnh7KGo75V43Hk1odPQkNDyXNmUR6k+gEiDVXnjB8HJ3crXw==

strtok3@^7.0.0:
  version "7.0.0"
  resolved "https://registry.yarnpkg.com/strtok3/-/strtok3-7.0.0.tgz#868c428b4ade64a8fd8fee7364256001c1a4cbe5"
  integrity sha512-pQ+V+nYQdC5H3Q7qBZAz/MO6lwGhoC2gOAjuouGf/VO0m7vQRh8QNMl2Uf6SwAtzZ9bOw3UIeBukEGNJl5dtXQ==
  dependencies:
    "@tokenizer/token" "^0.3.0"
    peek-readable "^5.0.0"

token-types@^5.0.1:
  version "5.0.1"
  resolved "https://registry.yarnpkg.com/token-types/-/token-types-5.0.1.tgz#aa9d9e6b23c420a675e55413b180635b86a093b4"
  integrity sha512-Y2fmSnZjQdDb9W4w4r1tswlMHylzWIeOKpx0aZH9BgGtACHhrk3OkT52AzwcuqTRBZtvvnTjDBh8eynMulu8Vg==
  dependencies:
    "@tokenizer/token" "^0.3.0"
    ieee754 "^1.2.1"

ts-mixer@^6.0.3:
  version "6.0.3"
  resolved "https://registry.yarnpkg.com/ts-mixer/-/ts-mixer-6.0.3.tgz#69bd50f406ff39daa369885b16c77a6194c7cae6"
  integrity sha512-k43M7uCG1AkTyxgnmI5MPwKoUvS/bRvLvUb7+Pgpdlmok8AoqmUaZxUUw8zKM5B1lqZrt41GjYgnvAi0fppqgQ==

ts-results-es@^3.6.0:
  version "3.6.0"
  resolved "https://registry.yarnpkg.com/ts-results-es/-/ts-results-es-3.6.0.tgz#351023246249ef558c2fe3700099e1535226ce47"
  integrity sha512-swha7PpeUNX93LzwhNtlk97FZZdTkCsI4j2ShletEmQ4cEi9SWy95x8XRTpfOP8gr16ikEBSi4U8xD43BYHDFg==

tslib@^2.1.0, tslib@^2.5.0:
  version "2.5.0"
  resolved "https://registry.yarnpkg.com/tslib/-/tslib-2.5.0.tgz#42bfed86f5787aeb41d031866c8f402429e0fddf"
  integrity sha512-336iVw3rtn2BUK7ORdIAHTyxHGRIHVReokCR3XjbckJMK7ms8FysBfhLR8IXnAgy7T0PTPNBWKiH514FOW/WSg==

typescript@^4.9:
  version "4.9.5"
  resolved "https://registry.yarnpkg.com/typescript/-/typescript-4.9.5.tgz#095979f9bcc0d09da324d58d03ce8f8374cbe65a"
  integrity sha512-1FXk9E2Hm+QzZQ7z+McJiHL4NW1F2EzMu9Nq9i3zAaGqibafqYwCVU6WyWAuyQRRzOlxou8xZSyXLEN8oKj24g==

undici@^5.21.0:
  version "5.21.2"
  resolved "https://registry.yarnpkg.com/undici/-/undici-5.21.2.tgz#329f628aaea3f1539a28b9325dccc72097d29acd"
  integrity sha512-f6pTQ9RF4DQtwoWSaC42P/NKlUjvezVvd9r155ohqkwFNRyBKM3f3pcty3ouusefNRyM25XhIQEbeQ46sZDJfQ==
  dependencies:
    busboy "^1.6.0"

util-deprecate@^1.0.1:
  version "1.0.2"
  resolved "https://registry.yarnpkg.com/util-deprecate/-/util-deprecate-1.0.2.tgz#450d4dc9fa70de732762fbd2d4a28981419a0ccf"
  integrity sha512-EPD5q1uXyFxJpCrLnCc1nHnq3gOa6DZBocAIiI2TaSCA7VCJ1UJDMagCzIkXNsUYfD1daK//LTEQ8xiIbrHtcw==

utility-types@^3.10.0:
  version "3.10.0"
  resolved "https://registry.yarnpkg.com/utility-types/-/utility-types-3.10.0.tgz#ea4148f9a741015f05ed74fd615e1d20e6bed82b"
  integrity sha512-O11mqxmi7wMKCo6HKFt5AhO4BwY3VV68YU07tgxfz8zJTIxr4BpsezN49Ffwy9j3ZpwwJp4fkRwjRzq3uWE6Rg==

which@^2.0.1:
  version "2.0.2"
  resolved "https://registry.yarnpkg.com/which/-/which-2.0.2.tgz#7c6a8dd0a636a0327e10b59c9286eee93f3f51b1"
  integrity sha512-BLI3Tl1TW3Pvl70l3yq3Y64i+awpwXqsGBYWkkqMtnbXgrMD+yj7rhW0kuEDxzJaYXGjEW5ogapKNMEKNMjibA==
  dependencies:
    isexe "^2.0.0"

whisper.cpp@^1.0.3:
  version "1.0.3"
  resolved "https://registry.yarnpkg.com/whisper.cpp/-/whisper.cpp-1.0.3.tgz#a95255405b41378eac708a6acd187b72e8b5aaf8"
  integrity sha512-8qn56TEI64Q+fS1ElpUgmdJ1RUL0wSVY+gC5HBEAXx4CqlSTIBEX+4kYNjfe9B7ird302eIZ80n9V6K9mEPm8A==

ws@^8.13.0:
  version "8.13.0"
  resolved "https://registry.yarnpkg.com/ws/-/ws-8.13.0.tgz#9a9fb92f93cf41512a0735c8f4dd09b8a1211cd0"
  integrity sha512-x9vcZYTrFPC7aSIbj7sRCYo7L/Xb8Iy+pW0ng0wt2vCJv7M9HOMy0UoN3rr+IFC7hb7vXoqS+P9ktyLLLhO+LA==
